// !$*UTF8*$!
{
	archiveVersion = 1;
	classes = {
	};
	objectVersion = 56;
	objects = {

/* Begin PBXBuildFile section */
		8C198AF22AE43CD5002BFB0B /* LearnMoreView.swift in Sources */ = {isa = PBXBuildFile; fileRef = 8C198AF12AE43CD5002BFB0B /* LearnMoreView.swift */; };
		8C198AF42AE441E6002BFB0B /* ToolTipView.swift in Sources */ = {isa = PBXBuildFile; fileRef = 8C198AF32AE441E6002BFB0B /* ToolTipView.swift */; };
		8C198AF82AE4FE93002BFB0B /* GlassContainerView.swift in Sources */ = {isa = PBXBuildFile; fileRef = 8C198AF72AE4FE93002BFB0B /* GlassContainerView.swift */; };
		8C96EF1E2AE409DD00E08BFD /* RealityKitContent in Frameworks */ = {isa = PBXBuildFile; productRef = 8C96EF1D2AE409DD00E08BFD /* RealityKitContent */; };
		8C96EF202AE409DD00E08BFD /* EntityTryOutApp.swift in Sources */ = {isa = PBXBuildFile; fileRef = 8C96EF1F2AE409DD00E08BFD /* EntityTryOutApp.swift */; };
		8C96EF222AE409DD00E08BFD /* ContentView.swift in Sources */ = {isa = PBXBuildFile; fileRef = 8C96EF212AE409DD00E08BFD /* ContentView.swift */; };
		8C96EF242AE409DD00E08BFD /* ImmersiveView.swift in Sources */ = {isa = PBXBuildFile; fileRef = 8C96EF232AE409DD00E08BFD /* ImmersiveView.swift */; };
		8C96EF262AE409DF00E08BFD /* Assets.xcassets in Resources */ = {isa = PBXBuildFile; fileRef = 8C96EF252AE409DF00E08BFD /* Assets.xcassets */; };
		8C96EF292AE409DF00E08BFD /* Preview Assets.xcassets in Resources */ = {isa = PBXBuildFile; fileRef = 8C96EF282AE409DF00E08BFD /* Preview Assets.xcassets */; };
/* End PBXBuildFile section */

/* Begin PBXFileReference section */
		8C198AF12AE43CD5002BFB0B /* LearnMoreView.swift */ = {isa = PBXFileReference; lastKnownFileType = sourcecode.swift; path = LearnMoreView.swift; sourceTree = "<group>"; };
		8C198AF32AE441E6002BFB0B /* ToolTipView.swift */ = {isa = PBXFileReference; lastKnownFileType = sourcecode.swift; path = ToolTipView.swift; sourceTree = "<group>"; };
		8C198AF72AE4FE93002BFB0B /* GlassContainerView.swift */ = {isa = PBXFileReference; lastKnownFileType = sourcecode.swift; path = GlassContainerView.swift; sourceTree = "<group>"; };
		8C96EF182AE409DD00E08BFD /* EntityTryOut.app */ = {isa = PBXFileReference; explicitFileType = wrapper.application; includeInIndex = 0; path = EntityTryOut.app; sourceTree = BUILT_PRODUCTS_DIR; };
		8C96EF1C2AE409DD00E08BFD /* RealityKitContent */ = {isa = PBXFileReference; lastKnownFileType = wrapper; path = RealityKitContent; sourceTree = "<group>"; };
		8C96EF1F2AE409DD00E08BFD /* EntityTryOutApp.swift */ = {isa = PBXFileReference; lastKnownFileType = sourcecode.swift; path = EntityTryOutApp.swift; sourceTree = "<group>"; };
		8C96EF212AE409DD00E08BFD /* ContentView.swift */ = {isa = PBXFileReference; lastKnownFileType = sourcecode.swift; path = ContentView.swift; sourceTree = "<group>"; };
		8C96EF232AE409DD00E08BFD /* ImmersiveView.swift */ = {isa = PBXFileReference; lastKnownFileType = sourcecode.swift; path = ImmersiveView.swift; sourceTree = "<group>"; };
		8C96EF252AE409DF00E08BFD /* Assets.xcassets */ = {isa = PBXFileReference; lastKnownFileType = folder.assetcatalog; path = Assets.xcassets; sourceTree = "<group>"; };
		8C96EF282AE409DF00E08BFD /* Preview Assets.xcassets */ = {isa = PBXFileReference; lastKnownFileType = folder.assetcatalog; path = "Preview Assets.xcassets"; sourceTree = "<group>"; };
		8C96EF2A2AE409DF00E08BFD /* Info.plist */ = {isa = PBXFileReference; lastKnownFileType = text.plist.xml; path = Info.plist; sourceTree = "<group>"; };
/* End PBXFileReference section */

/* Begin PBXFrameworksBuildPhase section */
		8C96EF152AE409DD00E08BFD /* Frameworks */ = {
			isa = PBXFrameworksBuildPhase;
			buildActionMask = 2147483647;
			files = (
				8C96EF1E2AE409DD00E08BFD /* RealityKitContent in Frameworks */,
			);
			runOnlyForDeploymentPostprocessing = 0;
		};
/* End PBXFrameworksBuildPhase section */

/* Begin PBXGroup section */
		8C96EF0F2AE409DD00E08BFD = {
			isa = PBXGroup;
			children = (
				8C96EF1A2AE409DD00E08BFD /* EntityTryOut */,
				8C96EF1B2AE409DD00E08BFD /* Packages */,
				8C96EF192AE409DD00E08BFD /* Products */,
			);
			sourceTree = "<group>";
		};
		8C96EF192AE409DD00E08BFD /* Products */ = {
			isa = PBXGroup;
			children = (
				8C96EF182AE409DD00E08BFD /* EntityTryOut.app */,
			);
			name = Products;
			sourceTree = "<group>";
		};
		8C96EF1A2AE409DD00E08BFD /* EntityTryOut */ = {
			isa = PBXGroup;
			children = (
				8C96EF1F2AE409DD00E08BFD /* EntityTryOutApp.swift */,
				8C96EF212AE409DD00E08BFD /* ContentView.swift */,
				8C96EF232AE409DD00E08BFD /* ImmersiveView.swift */,
				8C198AF12AE43CD5002BFB0B /* LearnMoreView.swift */,
				8C198AF32AE441E6002BFB0B /* ToolTipView.swift */,
				8C198AF72AE4FE93002BFB0B /* GlassContainerView.swift */,
				8C96EF252AE409DF00E08BFD /* Assets.xcassets */,
				8C96EF2A2AE409DF00E08BFD /* Info.plist */,
				8C96EF272AE409DF00E08BFD /* Preview Content */,
			);
			path = EntityTryOut;
			sourceTree = "<group>";
		};
		8C96EF1B2AE409DD00E08BFD /* Packages */ = {
			isa = PBXGroup;
			children = (
				8C96EF1C2AE409DD00E08BFD /* RealityKitContent */,
			);
			path = Packages;
			sourceTree = "<group>";
		};
		8C96EF272AE409DF00E08BFD /* Preview Content */ = {
			isa = PBXGroup;
			children = (
				8C96EF282AE409DF00E08BFD /* Preview Assets.xcassets */,
			);
			path = "Preview Content";
			sourceTree = "<group>";
		};
/* End PBXGroup section */

/* Begin PBXNativeTarget section */
		8C96EF172AE409DD00E08BFD /* EntityTryOut */ = {
			isa = PBXNativeTarget;
			buildConfigurationList = 8C96EF2D2AE409DF00E08BFD /* Build configuration list for PBXNativeTarget "EntityTryOut" */;
			buildPhases = (
				8C96EF142AE409DD00E08BFD /* Sources */,
				8C96EF152AE409DD00E08BFD /* Frameworks */,
				8C96EF162AE409DD00E08BFD /* Resources */,
			);
			buildRules = (
			);
			dependencies = (
			);
			name = EntityTryOut;
			packageProductDependencies = (
				8C96EF1D2AE409DD00E08BFD /* RealityKitContent */,
			);
			productName = EntityTryOut;
			productReference = 8C96EF182AE409DD00E08BFD /* EntityTryOut.app */;
			productType = "com.apple.product-type.application";
		};
/* End PBXNativeTarget section */

/* Begin PBXProject section */
		8C96EF102AE409DD00E08BFD /* Project object */ = {
			isa = PBXProject;
			attributes = {
				BuildIndependentTargetsInParallel = 1;
				LastSwiftUpdateCheck = 1510;
				LastUpgradeCheck = 1510;
				TargetAttributes = {
					8C96EF172AE409DD00E08BFD = {
						CreatedOnToolsVersion = 15.1;
					};
				};
			};
			buildConfigurationList = 8C96EF132AE409DD00E08BFD /* Build configuration list for PBXProject "EntityTryOut" */;
			compatibilityVersion = "Xcode 14.0";
			developmentRegion = en;
			hasScannedForEncodings = 0;
			knownRegions = (
				en,
				Base,
			);
			mainGroup = 8C96EF0F2AE409DD00E08BFD;
			productRefGroup = 8C96EF192AE409DD00E08BFD /* Products */;
			projectDirPath = "";
			projectRoot = "";
			targets = (
				8C96EF172AE409DD00E08BFD /* EntityTryOut */,
			);
		};
/* End PBXProject section */

/* Begin PBXResourcesBuildPhase section */
		8C96EF162AE409DD00E08BFD /* Resources */ = {
			isa = PBXResourcesBuildPhase;
			buildActionMask = 2147483647;
			files = (
				8C96EF292AE409DF00E08BFD /* Preview Assets.xcassets in Resources */,
				8C96EF262AE409DF00E08BFD /* Assets.xcassets in Resources */,
			);
			runOnlyForDeploymentPostprocessing = 0;
		};
/* End PBXResourcesBuildPhase section */

/* Begin PBXSourcesBuildPhase section */
		8C96EF142AE409DD00E08BFD /* Sources */ = {
			isa = PBXSourcesBuildPhase;
			buildActionMask = 2147483647;
			files = (
				8C96EF222AE409DD00E08BFD /* ContentView.swift in Sources */,
				8C96EF202AE409DD00E08BFD /* EntityTryOutApp.swift in Sources */,
				8C198AF42AE441E6002BFB0B /* ToolTipView.swift in Sources */,
				8C198AF22AE43CD5002BFB0B /* LearnMoreView.swift in Sources */,
				8C198AF82AE4FE93002BFB0B /* GlassContainerView.swift in Sources */,
				8C96EF242AE409DD00E08BFD /* ImmersiveView.swift in Sources */,
			);
			runOnlyForDeploymentPostprocessing = 0;
		};
/* End PBXSourcesBuildPhase section */

/* Begin XCBuildConfiguration section */
		8C96EF2B2AE409DF00E08BFD /* Debug */ = {
			isa = XCBuildConfiguration;
			buildSettings = {
				ALWAYS_SEARCH_USER_PATHS = NO;
				ASSETCATALOG_COMPILER_GENERATE_SWIFT_ASSET_SYMBOL_EXTENSIONS = YES;
				CLANG_ANALYZER_NONNULL = YES;
				CLANG_ANALYZER_NUMBER_OBJECT_CONVERSION = YES_AGGRESSIVE;
				CLANG_CXX_LANGUAGE_STANDARD = "gnu++20";
				CLANG_ENABLE_MODULES = YES;
				CLANG_ENABLE_OBJC_ARC = YES;
				CLANG_ENABLE_OBJC_WEAK = YES;
				CLANG_WARN_BLOCK_CAPTURE_AUTORELEASING = YES;
				CLANG_WARN_BOOL_CONVERSION = YES;
				CLANG_WARN_COMMA = YES;
				CLANG_WARN_CONSTANT_CONVERSION = YES;
				CLANG_WARN_DEPRECATED_OBJC_IMPLEMENTATIONS = YES;
				CLANG_WARN_DIRECT_OBJC_ISA_USAGE = YES_ERROR;
				CLANG_WARN_DOCUMENTATION_COMMENTS = YES;
				CLANG_WARN_EMPTY_BODY = YES;
				CLANG_WARN_ENUM_CONVERSION = YES;
				CLANG_WARN_INFINITE_RECURSION = YES;
				CLANG_WARN_INT_CONVERSION = YES;
				CLANG_WARN_NON_LITERAL_NULL_CONVERSION = YES;
				CLANG_WARN_OBJC_IMPLICIT_RETAIN_SELF = YES;
				CLANG_WARN_OBJC_LITERAL_CONVERSION = YES;
				CLANG_WARN_OBJC_ROOT_CLASS = YES_ERROR;
				CLANG_WARN_QUOTED_INCLUDE_IN_FRAMEWORK_HEADER = YES;
				CLANG_WARN_RANGE_LOOP_ANALYSIS = YES;
				CLANG_WARN_STRICT_PROTOTYPES = YES;
				CLANG_WARN_SUSPICIOUS_MOVE = YES;
				CLANG_WARN_UNGUARDED_AVAILABILITY = YES_AGGRESSIVE;
				CLANG_WARN_UNREACHABLE_CODE = YES;
				CLANG_WARN__DUPLICATE_METHOD_MATCH = YES;
				COPY_PHASE_STRIP = NO;
				DEBUG_INFORMATION_FORMAT = dwarf;
				ENABLE_STRICT_OBJC_MSGSEND = YES;
				ENABLE_TESTABILITY = YES;
				ENABLE_USER_SCRIPT_SANDBOXING = YES;
				GCC_C_LANGUAGE_STANDARD = gnu17;
				GCC_DYNAMIC_NO_PIC = NO;
				GCC_NO_COMMON_BLOCKS = YES;
				GCC_OPTIMIZATION_LEVEL = 0;
				GCC_PREPROCESSOR_DEFINITIONS = (
					"DEBUG=1",
					"$(inherited)",
				);
				GCC_WARN_64_TO_32_BIT_CONVERSION = YES;
				GCC_WARN_ABOUT_RETURN_TYPE = YES_ERROR;
				GCC_WARN_UNDECLARED_SELECTOR = YES;
				GCC_WARN_UNINITIALIZED_AUTOS = YES_AGGRESSIVE;
				GCC_WARN_UNUSED_FUNCTION = YES;
				GCC_WARN_UNUSED_VARIABLE = YES;
				LOCALIZATION_PREFERS_STRING_CATALOGS = YES;
				MTL_ENABLE_DEBUG_INFO = INCLUDE_SOURCE;
				MTL_FAST_MATH = YES;
				ONLY_ACTIVE_ARCH = YES;
				SDKROOT = xros;
				SWIFT_ACTIVE_COMPILATION_CONDITIONS = "DEBUG $(inherited)";
				SWIFT_OPTIMIZATION_LEVEL = "-Onone";
				XROS_DEPLOYMENT_TARGET = 1.0;
			};
			name = Debug;
		};
		8C96EF2C2AE409DF00E08BFD /* Release */ = {
			isa = XCBuildConfiguration;
			buildSettings = {
				ALWAYS_SEARCH_USER_PATHS = NO;
				ASSETCATALOG_COMPILER_GENERATE_SWIFT_ASSET_SYMBOL_EXTENSIONS = YES;
				CLANG_ANALYZER_NONNULL = YES;
				CLANG_ANALYZER_NUMBER_OBJECT_CONVERSION = YES_AGGRESSIVE;
				CLANG_CXX_LANGUAGE_STANDARD = "gnu++20";
				CLANG_ENABLE_MODULES = YES;
				CLANG_ENABLE_OBJC_ARC = YES;
				CLANG_ENABLE_OBJC_WEAK = YES;
				CLANG_WARN_BLOCK_CAPTURE_AUTORELEASING = YES;
				CLANG_WARN_BOOL_CONVERSION = YES;
				CLANG_WARN_COMMA = YES;
				CLANG_WARN_CONSTANT_CONVERSION = YES;
				CLANG_WARN_DEPRECATED_OBJC_IMPLEMENTATIONS = YES;
				CLANG_WARN_DIRECT_OBJC_ISA_USAGE = YES_ERROR;
				CLANG_WARN_DOCUMENTATION_COMMENTS = YES;
				CLANG_WARN_EMPTY_BODY = YES;
				CLANG_WARN_ENUM_CONVERSION = YES;
				CLANG_WARN_INFINITE_RECURSION = YES;
				CLANG_WARN_INT_CONVERSION = YES;
				CLANG_WARN_NON_LITERAL_NULL_CONVERSION = YES;
				CLANG_WARN_OBJC_IMPLICIT_RETAIN_SELF = YES;
				CLANG_WARN_OBJC_LITERAL_CONVERSION = YES;
				CLANG_WARN_OBJC_ROOT_CLASS = YES_ERROR;
				CLANG_WARN_QUOTED_INCLUDE_IN_FRAMEWORK_HEADER = YES;
				CLANG_WARN_RANGE_LOOP_ANALYSIS = YES;
				CLANG_WARN_STRICT_PROTOTYPES = YES;
				CLANG_WARN_SUSPICIOUS_MOVE = YES;
				CLANG_WARN_UNGUARDED_AVAILABILITY = YES_AGGRESSIVE;
				CLANG_WARN_UNREACHABLE_CODE = YES;
				CLANG_WARN__DUPLICATE_METHOD_MATCH = YES;
				COPY_PHASE_STRIP = NO;
				DEBUG_INFORMATION_FORMAT = "dwarf-with-dsym";
				ENABLE_NS_ASSERTIONS = NO;
				ENABLE_STRICT_OBJC_MSGSEND = YES;
				ENABLE_USER_SCRIPT_SANDBOXING = YES;
				GCC_C_LANGUAGE_STANDARD = gnu17;
				GCC_NO_COMMON_BLOCKS = YES;
				GCC_WARN_64_TO_32_BIT_CONVERSION = YES;
				GCC_WARN_ABOUT_RETURN_TYPE = YES_ERROR;
				GCC_WARN_UNDECLARED_SELECTOR = YES;
				GCC_WARN_UNINITIALIZED_AUTOS = YES_AGGRESSIVE;
				GCC_WARN_UNUSED_FUNCTION = YES;
				GCC_WARN_UNUSED_VARIABLE = YES;
				LOCALIZATION_PREFERS_STRING_CATALOGS = YES;
				MTL_ENABLE_DEBUG_INFO = NO;
				MTL_FAST_MATH = YES;
				SDKROOT = xros;
				SWIFT_COMPILATION_MODE = wholemodule;
				VALIDATE_PRODUCT = YES;
				XROS_DEPLOYMENT_TARGET = 1.0;
			};
			name = Release;
		};
		8C96EF2E2AE409DF00E08BFD /* Debug */ = {
			isa = XCBuildConfiguration;
			buildSettings = {
				ASSETCATALOG_COMPILER_APPICON_NAME = AppIcon;
				ASSETCATALOG_COMPILER_GLOBAL_ACCENT_COLOR_NAME = AccentColor;
				CODE_SIGN_STYLE = Automatic;
				CURRENT_PROJECT_VERSION = 1;
				DEVELOPMENT_ASSET_PATHS = "\"EntityTryOut/Preview Content\"";
				DEVELOPMENT_TEAM = 8K84PTQ397;
				ENABLE_PREVIEWS = YES;
				GENERATE_INFOPLIST_FILE = YES;
				INFOPLIST_FILE = "$(TARGET_NAME)/Info.plist";
				LD_RUNPATH_SEARCH_PATHS = (
					"$(inherited)",
					"@executable_path/Frameworks",
				);
				MARKETING_VERSION = 1.0;
				PRODUCT_BUNDLE_IDENTIFIER = ricardo.EntityTryOut;
				PRODUCT_NAME = "$(TARGET_NAME)";
				SUPPORTED_PLATFORMS = "xros xrsimulator";
				SWIFT_EMIT_LOC_STRINGS = YES;
				SWIFT_VERSION = 5.0;
				TARGETED_DEVICE_FAMILY = "1,2,7";
			};
			name = Debug;
		};
		8C96EF2F2AE409DF00E08BFD /* Release */ = {
			isa = XCBuildConfiguration;
			buildSettings = {
				ASSETCATALOG_COMPILER_APPICON_NAME = AppIcon;
				ASSETCATALOG_COMPILER_GLOBAL_ACCENT_COLOR_NAME = AccentColor;
				CODE_SIGN_STYLE = Automatic;
				CURRENT_PROJECT_VERSION = 1;
				DEVELOPMENT_ASSET_PATHS = "\"EntityTryOut/Preview Content\"";
				DEVELOPMENT_TEAM = 8K84PTQ397;
				ENABLE_PREVIEWS = YES;
				GENERATE_INFOPLIST_FILE = YES;
				INFOPLIST_FILE = "$(TARGET_NAME)/Info.plist";
				LD_RUNPATH_SEARCH_PATHS = (
					"$(inherited)",
					"@executable_path/Frameworks",
				);
				MARKETING_VERSION = 1.0;
				PRODUCT_BUNDLE_IDENTIFIER = ricardo.EntityTryOut;
				PRODUCT_NAME = "$(TARGET_NAME)";
				SUPPORTED_PLATFORMS = "xros xrsimulator";
				SWIFT_EMIT_LOC_STRINGS = YES;
				SWIFT_VERSION = 5.0;
				TARGETED_DEVICE_FAMILY = "1,2,7";
			};
			name = Release;
		};
/* End XCBuildConfiguration section */

/* Begin XCConfigurationList section */
		8C96EF132AE409DD00E08BFD /* Build configuration list for PBXProject "EntityTryOut" */ = {
			isa = XCConfigurationList;
			buildConfigurations = (
				8C96EF2B2AE409DF00E08BFD /* Debug */,
				8C96EF2C2AE409DF00E08BFD /* Release */,
			);
			defaultConfigurationIsVisible = 0;
			defaultConfigurationName = Release;
		};
		8C96EF2D2AE409DF00E08BFD /* Build configuration list for PBXNativeTarget "EntityTryOut" */ = {
			isa = XCConfigurationList;
			buildConfigurations = (
				8C96EF2E2AE409DF00E08BFD /* Debug */,
				8C96EF2F2AE409DF00E08BFD /* Release */,
			);
			defaultConfigurationIsVisible = 0;
			defaultConfigurationName = Release;
		};
/* End XCConfigurationList section */

/* Begin XCSwiftPackageProductDependency section */
		8C96EF1D2AE409DD00E08BFD /* RealityKitContent */ = {
			isa = XCSwiftPackageProductDependency;
			productName = RealityKitContent;
		};
/* End XCSwiftPackageProductDependency section */
	};
	rootObject = 8C96EF102AE409DD00E08BFD /* Project object */;
}
